
Microsoft Visual Studio Solution File, Format Version 12.00
# Visual Studio Version 17
VisualStudioVersion = 17.11.35312.102
MinimumVisualStudioVersion = 10.0.40219.1
Project("{FAE04EC0-301F-11D3-BF4B-00C04F79EFBC}") = "Api.Clinic", "Api.Clinic\Api.Clinic.csproj", "{19590EAC-6ED6-47F1-AD23-3E4BD7B13A25}"
EndProject
Global
	GlobalSection(SolutionConfigurationPlatforms) = preSolution
		Debug|Any CPU = Debug|Any CPU
		Release|Any CPU = Release|Any CPU
	EndGlobalSection
	GlobalSection(ProjectConfigurationPlatforms) = postSolution
		{19590EAC-6ED6-47F1-AD23-3E4BD7B13A25}.Debug|Any CPU.ActiveCfg = Debug|Any CPU
		{19590EAC-6ED6-47F1-AD23-3E4BD7B13A25}.Debug|Any CPU.Build.0 = Debug|Any CPU
		{19590EAC-6ED6-47F1-AD23-3E4BD7B13A25}.Release|Any CPU.ActiveCfg = Release|Any CPU
		{19590EAC-6ED6-47F1-AD23-3E4BD7B13A25}.Release|Any CPU.Build.0 = Release|Any CPU
	EndGlobalSection
	GlobalSection(SolutionProperties) = preSolution
		HideSolutionNode = FALSE
	EndGlobalSection
	GlobalSection(ExtensibilityGlobals) = postSolution
		SolutionGuid = {CDDBDD07-0BE3-4649-B73C-02CFD2FB1AB5}
	EndGlobalSection
EndGlobal
